
Microsoft Visual Studio Solution File, Format Version 12.00
# Visual Studio 15
VisualStudioVersion = 15.0.28307.2017
MinimumVisualStudioVersion = 10.0.40219.1
Project("{FAE04EC0-301F-11D3-BF4B-00C04F79EFBC}") = "MvcProjeKampi", "MvcProjeKampi\MvcProjeKampi.csproj", "{8F6BCD59-7C6B-41AA-A055-445985D638A7}"
EndProject
Global
	GlobalSection(SolutionConfigurationPlatforms) = preSolution
		Debug|Any CPU = Debug|Any CPU
		Release|Any CPU = Release|Any CPU
	EndGlobalSection
	GlobalSection(ProjectConfigurationPlatforms) = postSolution
		{8F6BCD59-7C6B-41AA-A055-445985D638A7}.Debug|Any CPU.ActiveCfg = Debug|Any CPU
		{8F6BCD59-7C6B-41AA-A055-445985D638A7}.Debug|Any CPU.Build.0 = Debug|Any CPU
		{8F6BCD59-7C6B-41AA-A055-445985D638A7}.Release|Any CPU.ActiveCfg = Release|Any CPU
		{8F6BCD59-7C6B-41AA-A055-445985D638A7}.Release|Any CPU.Build.0 = Release|Any CPU
	EndGlobalSection
	GlobalSection(SolutionProperties) = preSolution
		HideSolutionNode = FALSE
	EndGlobalSection
	GlobalSection(ExtensibilityGlobals) = postSolution
		SolutionGuid = {65522250-0F01-4A08-8CC0-5CB732EE6687}
	EndGlobalSection
EndGlobal
